
Microsoft Visual Studio Solution File, Format Version 12.00
# Visual Studio 15
VisualStudioVersion = 15.0.26730.12
MinimumVisualStudioVersion = 10.0.40219.1
Project("{9A19103F-16F7-4668-BE54-9A1E7A4F7556}") = "Task1", "Task1\Task1.csproj", "{8500CD2D-D088-4AD8-BAF7-D23940488D4B}"
EndProject
Project("{FAE04EC0-301F-11D3-BF4B-00C04F79EFBC}") = "Task2", "Task2\Task2.csproj", "{4A0577A5-7D86-490A-BBFB-05F8CCDCF7F3}"
EndProject
Project("{FAE04EC0-301F-11D3-BF4B-00C04F79EFBC}") = "Task3", "Task3\Task3.csproj", "{CBEDBF60-387C-428F-B6AE-A19F866B3298}"
EndProject
Project("{FAE04EC0-301F-11D3-BF4B-00C04F79EFBC}") = "Task4", "Task4\Task4.csproj", "{97012E7A-51BB-4D0C-BA20-EC9578004698}"
EndProject
Project("{FAE04EC0-301F-11D3-BF4B-00C04F79EFBC}") = "Task5", "Task5\Task5.csproj", "{85A5067D-CBBD-4975-95B2-E68EA28DCBA6}"
EndProject
Project("{FAE04EC0-301F-11D3-BF4B-00C04F79EFBC}") = "Task6", "Task6\Task6.csproj", "{382980F9-0194-40A0-BCB9-F4BF5537D076}"
EndProject
Project("{FAE04EC0-301F-11D3-BF4B-00C04F79EFBC}") = "Task7", "Task7\Task7.csproj", "{54A5EF02-E63F-4A28-AD35-B28A47E02550}"
EndProject
Project("{FAE04EC0-301F-11D3-BF4B-00C04F79EFBC}") = "Task8", "Task8\Task8.csproj", "{C5985922-24EE-4A3C-AD7A-691436C44FFD}"
EndProject
Project("{FAE04EC0-301F-11D3-BF4B-00C04F79EFBC}") = "Task9", "Task9\Task9.csproj", "{9FC5F7F1-79B3-44BD-9DDC-198710F108BD}"
EndProject
Global
	GlobalSection(SolutionConfigurationPlatforms) = preSolution
		Debug|Any CPU = Debug|Any CPU
		Release|Any CPU = Release|Any CPU
	EndGlobalSection
	GlobalSection(ProjectConfigurationPlatforms) = postSolution
		{8500CD2D-D088-4AD8-BAF7-D23940488D4B}.Debug|Any CPU.ActiveCfg = Debug|Any CPU
		{8500CD2D-D088-4AD8-BAF7-D23940488D4B}.Debug|Any CPU.Build.0 = Debug|Any CPU
		{8500CD2D-D088-4AD8-BAF7-D23940488D4B}.Release|Any CPU.ActiveCfg = Release|Any CPU
		{8500CD2D-D088-4AD8-BAF7-D23940488D4B}.Release|Any CPU.Build.0 = Release|Any CPU
		{4A0577A5-7D86-490A-BBFB-05F8CCDCF7F3}.Debug|Any CPU.ActiveCfg = Debug|Any CPU
		{4A0577A5-7D86-490A-BBFB-05F8CCDCF7F3}.Debug|Any CPU.Build.0 = Debug|Any CPU
		{4A0577A5-7D86-490A-BBFB-05F8CCDCF7F3}.Release|Any CPU.ActiveCfg = Release|Any CPU
		{4A0577A5-7D86-490A-BBFB-05F8CCDCF7F3}.Release|Any CPU.Build.0 = Release|Any CPU
		{CBEDBF60-387C-428F-B6AE-A19F866B3298}.Debug|Any CPU.ActiveCfg = Debug|Any CPU
		{CBEDBF60-387C-428F-B6AE-A19F866B3298}.Debug|Any CPU.Build.0 = Debug|Any CPU
		{CBEDBF60-387C-428F-B6AE-A19F866B3298}.Release|Any CPU.ActiveCfg = Release|Any CPU
		{CBEDBF60-387C-428F-B6AE-A19F866B3298}.Release|Any CPU.Build.0 = Release|Any CPU
		{97012E7A-51BB-4D0C-BA20-EC9578004698}.Debug|Any CPU.ActiveCfg = Debug|Any CPU
		{97012E7A-51BB-4D0C-BA20-EC9578004698}.Debug|Any CPU.Build.0 = Debug|Any CPU
		{97012E7A-51BB-4D0C-BA20-EC9578004698}.Release|Any CPU.ActiveCfg = Release|Any CPU
		{97012E7A-51BB-4D0C-BA20-EC9578004698}.Release|Any CPU.Build.0 = Release|Any CPU
		{85A5067D-CBBD-4975-95B2-E68EA28DCBA6}.Debug|Any CPU.ActiveCfg = Debug|Any CPU
		{85A5067D-CBBD-4975-95B2-E68EA28DCBA6}.Debug|Any CPU.Build.0 = Debug|Any CPU
		{85A5067D-CBBD-4975-95B2-E68EA28DCBA6}.Release|Any CPU.ActiveCfg = Release|Any CPU
		{85A5067D-CBBD-4975-95B2-E68EA28DCBA6}.Release|Any CPU.Build.0 = Release|Any CPU
		{382980F9-0194-40A0-BCB9-F4BF5537D076}.Debug|Any CPU.ActiveCfg = Debug|Any CPU
		{382980F9-0194-40A0-BCB9-F4BF5537D076}.Debug|Any CPU.Build.0 = Debug|Any CPU
		{382980F9-0194-40A0-BCB9-F4BF5537D076}.Release|Any CPU.ActiveCfg = Release|Any CPU
		{382980F9-0194-40A0-BCB9-F4BF5537D076}.Release|Any CPU.Build.0 = Release|Any CPU
		{54A5EF02-E63F-4A28-AD35-B28A47E02550}.Debug|Any CPU.ActiveCfg = Debug|Any CPU
		{54A5EF02-E63F-4A28-AD35-B28A47E02550}.Debug|Any CPU.Build.0 = Debug|Any CPU
		{54A5EF02-E63F-4A28-AD35-B28A47E02550}.Release|Any CPU.ActiveCfg = Release|Any CPU
		{54A5EF02-E63F-4A28-AD35-B28A47E02550}.Release|Any CPU.Build.0 = Release|Any CPU
		{C5985922-24EE-4A3C-AD7A-691436C44FFD}.Debug|Any CPU.ActiveCfg = Debug|Any CPU
		{C5985922-24EE-4A3C-AD7A-691436C44FFD}.Debug|Any CPU.Build.0 = Debug|Any CPU
		{C5985922-24EE-4A3C-AD7A-691436C44FFD}.Release|Any CPU.ActiveCfg = Release|Any CPU
		{C5985922-24EE-4A3C-AD7A-691436C44FFD}.Release|Any CPU.Build.0 = Release|Any CPU
		{9FC5F7F1-79B3-44BD-9DDC-198710F108BD}.Debug|Any CPU.ActiveCfg = Debug|Any CPU
		{9FC5F7F1-79B3-44BD-9DDC-198710F108BD}.Debug|Any CPU.Build.0 = Debug|Any CPU
		{9FC5F7F1-79B3-44BD-9DDC-198710F108BD}.Release|Any CPU.ActiveCfg = Release|Any CPU
		{9FC5F7F1-79B3-44BD-9DDC-198710F108BD}.Release|Any CPU.Build.0 = Release|Any CPU
	EndGlobalSection
	GlobalSection(SolutionProperties) = preSolution
		HideSolutionNode = FALSE
	EndGlobalSection
	GlobalSection(ExtensibilityGlobals) = postSolution
		SolutionGuid = {3A511A9E-28E5-4442-B1E1-183257EAFAFC}
	EndGlobalSection
EndGlobal
